{
  "R": {
    "Version": "4.0.2",
    "Repositories": [
      {
        "Name": "CRAN",
        "URL": "https://cran.rstudio.com"
      }
    ]
  },
  "Packages": {
    "BH": {
      "Package": "BH",
      "Version": "1.75.0-0",
      "Source": "Repository",
      "Repository": "CRAN",
      "Hash": "e4c04affc2cac20c8fec18385cd14691"
    },
    "Brobdingnag": {
      "Package": "Brobdingnag",
      "Version": "1.2-6",
      "Source": "Repository",
      "Repository": "CRAN",
      "Hash": "365629a3ac7243df8ed6ac88a606d9fe"
    },
    "DBI": {
      "Package": "DBI",
      "Version": "1.1.1",
      "Source": "Repository",
      "Repository": "CRAN",
      "Hash": "030aaec5bc6553f35347cbb1e70b1a17"
    },
    "DT": {
      "Package": "DT",
      "Version": "0.16",
      "Source": "Repository",
      "Repository": "CRAN",
      "Hash": "acac794cc3e393ca65f916e5ced5c1d2"
    },
    "FNN": {
      "Package": "FNN",
      "Version": "1.1.3",
      "Source": "Repository",
      "Repository": "CRAN",
      "Hash": "b56998fff55e4a4b4860ad6e8c67e0f9"
    },
    "HDInterval": {
      "Package": "HDInterval",
      "Version": "0.2.2",
      "Source": "Repository",
      "Repository": "CRAN",
      "Hash": "3b986a53325a1d95610b8d86a284dac0"
    },
    "KernSmooth": {
      "Package": "KernSmooth",
      "Version": "2.23-18",
      "Source": "Repository",
      "Repository": "CRAN",
      "Hash": "9e703ad8bf0e99f3691f05da32dfe68b"
    },
    "MASS": {
      "Package": "MASS",
      "Version": "7.3-53",
      "Source": "Repository",
      "Repository": "CRAN",
      "Hash": "d1bc1c8e9c0ace57ec9ffea01021d45f"
    },
    "MCMsBasics": {
      "Package": "MCMsBasics",
      "Version": "0.1.0",
      "Source": "GitHub",
      "RemoteType": "github",
      "RemoteHost": "api.github.com",
      "RemoteRepo": "MCMsBasics",
      "RemoteUsername": "MCMaurer",
      "RemoteRef": "HEAD",
      "RemoteSha": "6ad541ef5aa6cf95d826662bced1cf3cc5261c3a",
      "Hash": "189ee503e78a180411de96ce9b4eebd0"
    },
    "Matrix": {
      "Package": "Matrix",
      "Version": "1.3-0",
      "Source": "Repository",
      "Repository": "CRAN",
      "Hash": "a308a28fe951c437957ffe20c84e6b66"
    },
    "R6": {
      "Package": "R6",
      "Version": "2.5.0",
      "Source": "Repository",
      "Repository": "CRAN",
      "Hash": "b203113193e70978a696b2809525649d"
    },
    "RColorBrewer": {
      "Package": "RColorBrewer",
      "Version": "1.1-2",
      "Source": "Repository",
      "Repository": "CRAN",
      "Hash": "e031418365a7f7a766181ab5a41a5716"
    },
    "RCurl": {
      "Package": "RCurl",
      "Version": "1.98-1.2",
      "Source": "Repository",
      "Repository": "CRAN",
      "Hash": "cf29e1b71f8736960e0e851123a83e6f"
    },
    "Rcpp": {
      "Package": "Rcpp",
      "Version": "1.0.6",
      "Source": "Repository",
      "Repository": "CRAN",
      "Hash": "dbb5e436998a7eba5a9d682060533338"
    },
    "RcppArmadillo": {
      "Package": "RcppArmadillo",
      "Version": "0.10.1.2.0",
      "Source": "Repository",
      "Repository": "CRAN",
      "Hash": "1a885965adade4b8629c478a3b3c2cf7"
    },
    "RcppEigen": {
      "Package": "RcppEigen",
      "Version": "0.3.3.9.1",
      "Source": "Repository",
      "Repository": "CRAN",
      "Hash": "ddfa72a87fdf4c80466a20818be91d00"
    },
    "RcppParallel": {
      "Package": "RcppParallel",
      "Version": "5.0.2",
      "Source": "Repository",
      "Repository": "CRAN",
      "Hash": "551d50addb18c7b99637aa377a25afc8"
    },
    "Rttf2pt1": {
      "Package": "Rttf2pt1",
      "Version": "1.3.8",
      "Source": "Repository",
      "Repository": "CRAN",
      "Hash": "8c4137a9ab70de4787d57758f8190617"
    },
    "StanHeaders": {
      "Package": "StanHeaders",
      "Version": "2.21.0-7",
      "Source": "Repository",
      "Repository": "CRAN",
      "Hash": "0459d4dd7a8c239be18469a30c23dd4b"
    },
    "V8": {
      "Package": "V8",
      "Version": "3.4.0",
      "Source": "Repository",
      "Repository": "CRAN",
      "Hash": "8c5e8c58ff4fc8dfc67e24985005159b"
    },
    "abind": {
      "Package": "abind",
      "Version": "1.4-5",
      "Source": "Repository",
      "Repository": "CRAN",
      "Hash": "4f57884290cc75ab22f4af9e9d4ca862"
    },
    "arrayhelpers": {
      "Package": "arrayhelpers",
      "Version": "1.1-0",
      "Source": "Repository",
      "Repository": "CRAN",
      "Hash": "3d4e52d458784c335af3846f2de64f75"
    },
    "ash": {
      "Package": "ash",
      "Version": "1.0-15",
      "Source": "Repository",
      "Repository": "CRAN",
      "Hash": "e16751c399be6260ddf41f8148a3f8ef"
    },
    "askpass": {
      "Package": "askpass",
      "Version": "1.1",
      "Source": "Repository",
      "Repository": "CRAN",
      "Hash": "e8a22846fff485f0be3770c2da758713"
    },
    "assertthat": {
      "Package": "assertthat",
      "Version": "0.2.1",
      "Source": "Repository",
      "Repository": "CRAN",
      "Hash": "50c838a310445e954bc13f26f26a6ecf"
    },
    "backports": {
      "Package": "backports",
      "Version": "1.2.1",
      "Source": "Repository",
      "Repository": "CRAN",
      "Hash": "644043219fc24e190c2f620c1a380a69"
    },
    "base64enc": {
      "Package": "base64enc",
      "Version": "0.1-3",
      "Source": "Repository",
      "Repository": "CRAN",
      "Hash": "543776ae6848fde2f48ff3816d0628bc"
    },
    "bayesplot": {
      "Package": "bayesplot",
      "Version": "1.7.2",
      "Source": "Repository",
      "Repository": "CRAN",
      "Hash": "e2835c474c3bd9f2bbc3a5adf804254f"
    },
    "bitops": {
      "Package": "bitops",
      "Version": "1.0-6",
      "Source": "Repository",
      "Repository": "CRAN",
      "Hash": "0b118d5900596bae6c4d4865374536a6"
    },
    "blob": {
      "Package": "blob",
      "Version": "1.2.1",
      "Source": "Repository",
      "Repository": "CRAN",
      "Hash": "9addc7e2c5954eca5719928131fed98c"
    },
    "boot": {
      "Package": "boot",
      "Version": "1.3-25",
      "Source": "Repository",
      "Repository": "CRAN",
      "Hash": "bd51734a754b6c2baf28b2d1ebc11e91"
    },
    "bridgesampling": {
      "Package": "bridgesampling",
      "Version": "1.0-0",
      "Source": "Repository",
      "Repository": "CRAN",
      "Hash": "5d4e99b6aae5e4e90edde77e0cf28fdc"
    },
    "brms": {
      "Package": "brms",
      "Version": "2.14.4",
      "Source": "Repository",
      "Repository": "CRAN",
      "Hash": "0a3d0968b03fdf2feef66c62a0882922"
    },
    "broom": {
      "Package": "broom",
      "Version": "0.7.6",
      "Source": "Repository",
      "Repository": "CRAN",
      "Hash": "06015476250468fc013c30022118ce3a"
    },
    "callr": {
      "Package": "callr",
      "Version": "3.7.0",
      "Source": "Repository",
      "Repository": "CRAN",
      "Hash": "461aa75a11ce2400245190ef5d3995df"
    },
    "cellranger": {
      "Package": "cellranger",
      "Version": "1.1.0",
      "Source": "Repository",
      "Repository": "CRAN",
      "Hash": "f61dbaec772ccd2e17705c1e872e9e7c"
    },
    "checkmate": {
      "Package": "checkmate",
      "Version": "2.0.0",
      "Source": "Repository",
      "Repository": "CRAN",
      "Hash": "a667800d5f0350371bedeb8b8b950289"
    },
    "cli": {
      "Package": "cli",
      "Version": "2.5.0",
      "Source": "Repository",
      "Repository": "CRAN",
      "Hash": "a94ba44cee3ea571e813721e64184172"
    },
    "clipr": {
      "Package": "clipr",
      "Version": "0.7.1",
      "Source": "Repository",
      "Repository": "CRAN",
      "Hash": "ebaa97ac99cc2daf04e77eecc7b781d7"
    },
    "cluster": {
      "Package": "cluster",
      "Version": "2.1.0",
      "Source": "Repository",
      "Repository": "CRAN",
      "Hash": "db63a44aab5aadcb6bf2f129751d129a"
    },
    "coda": {
      "Package": "coda",
      "Version": "0.19-4",
      "Source": "Repository",
      "Repository": "CRAN",
      "Hash": "24b6d006b8b2343876cf230687546932"
    },
    "codetools": {
      "Package": "codetools",
      "Version": "0.2-18",
      "Source": "Repository",
      "Repository": "CRAN",
      "Hash": "019388fc48e48b3da0d3a76ff94608a8"
    },
    "colorspace": {
      "Package": "colorspace",
      "Version": "2.0-1",
      "Source": "Repository",
      "Repository": "CRAN",
      "Hash": "6cab523af06ac301e7a40c5529d45882"
    },
    "colourpicker": {
      "Package": "colourpicker",
      "Version": "1.1.0",
      "Source": "Repository",
      "Repository": "CRAN",
      "Hash": "fe0cb3d8854c168aef827aeab4b3b473"
    },
    "commonmark": {
      "Package": "commonmark",
      "Version": "1.7",
      "Source": "Repository",
      "Repository": "CRAN",
      "Hash": "0f22be39ec1d141fd03683c06f3a6e67"
    },
    "cpp11": {
      "Package": "cpp11",
      "Version": "0.2.7",
      "Source": "Repository",
      "Repository": "CRAN",
      "Hash": "730eebcc741a5c36761f7d4d0f5e37b8"
    },
    "crayon": {
      "Package": "crayon",
      "Version": "1.4.1",
      "Source": "Repository",
      "Repository": "CRAN",
      "Hash": "e75525c55c70e5f4f78c9960a4b402e9"
    },
    "crosstalk": {
      "Package": "crosstalk",
      "Version": "1.1.0.1",
      "Source": "Repository",
      "Repository": "CRAN",
      "Hash": "ae55f5d7c02f0ab43c58dd050694f2b4"
    },
    "curl": {
      "Package": "curl",
      "Version": "4.3.1",
      "Source": "Repository",
      "Repository": "CRAN",
      "Hash": "c5e68405893f030f139f6d6675eac675"
    },
    "data.table": {
      "Package": "data.table",
      "Version": "1.14.0",
      "Source": "Repository",
      "Repository": "CRAN",
      "Hash": "d1b8b1a821ee564a3515fa6c6d5c52dc"
    },
    "dbplyr": {
      "Package": "dbplyr",
      "Version": "2.1.1",
      "Source": "Repository",
      "Repository": "CRAN",
      "Hash": "1f37fa4ab2f5f7eded42f78b9a887182"
    },
    "desc": {
      "Package": "desc",
      "Version": "1.2.0",
      "Source": "Repository",
      "Repository": "CRAN",
      "Hash": "6c8fe8fa26a23b79949375d372c7b395"
    },
    "digest": {
      "Package": "digest",
      "Version": "0.6.27",
      "Source": "Repository",
      "Repository": "CRAN",
      "Hash": "a0cbe758a531d054b537d16dff4d58a1"
    },
    "distributional": {
      "Package": "distributional",
      "Version": "0.2.1",
      "Source": "Repository",
      "Repository": "CRAN",
      "Hash": "583dc85cf21cd055e258c20729e36bfb"
    },
    "dplyr": {
      "Package": "dplyr",
      "Version": "1.0.6",
      "Source": "Repository",
      "Repository": "CRAN",
      "Hash": "19e84500b64bc7e589cb1e2550e25832"
    },
    "dtplyr": {
      "Package": "dtplyr",
      "Version": "1.1.0",
      "Source": "Repository",
      "Repository": "CRAN",
      "Hash": "1e14e4c5b2814de5225312394bc316da"
    },
    "dygraphs": {
      "Package": "dygraphs",
      "Version": "1.1.1.6",
      "Source": "Repository",
      "Repository": "CRAN",
      "Hash": "716869fffc16e282c118f8894e082a7d"
    },
    "ellipsis": {
      "Package": "ellipsis",
      "Version": "0.3.2",
      "Source": "Repository",
      "Repository": "CRAN",
      "Hash": "bb0eec2fe32e88d9e2836c2f73ea2077"
    },
    "evaluate": {
      "Package": "evaluate",
      "Version": "0.14",
      "Source": "Repository",
      "Repository": "CRAN",
      "Hash": "ec8ca05cffcc70569eaaad8469d2a3a7"
    },
    "extrafont": {
      "Package": "extrafont",
      "Version": "0.17",
      "Source": "Repository",
      "Repository": "CRAN",
      "Hash": "7f2f50e8f998a4bea4b04650fc4f2ca8"
    },
    "extrafontdb": {
      "Package": "extrafontdb",
      "Version": "1.0",
      "Source": "Repository",
      "Repository": "CRAN",
      "Hash": "a861555ddec7451c653b40e713166c6f"
    },
    "fansi": {
      "Package": "fansi",
      "Version": "0.4.2",
      "Source": "Repository",
      "Repository": "CRAN",
      "Hash": "fea074fb67fe4c25d47ad09087da847d"
    },
    "farver": {
      "Package": "farver",
      "Version": "2.1.0",
      "Source": "Repository",
      "Repository": "CRAN",
      "Hash": "c98eb5133d9cb9e1622b8691487f11bb"
    },
    "fastmap": {
      "Package": "fastmap",
      "Version": "1.1.0",
      "Source": "Repository",
      "Repository": "CRAN",
      "Hash": "77bd60a6157420d4ffa93b27cf6a58b8"
    },
    "fda": {
      "Package": "fda",
      "Version": "5.1.9",
      "Source": "Repository",
      "Repository": "CRAN",
      "Hash": "c3b0eaafd5174611bb02a5f3ff646ce4"
    },
    "fds": {
      "Package": "fds",
      "Version": "1.8",
      "Source": "Repository",
      "Repository": "CRAN",
      "Hash": "8bf20c39b7dc84e336a78d70891254e9"
    },
    "forcats": {
      "Package": "forcats",
      "Version": "0.5.1",
      "Source": "Repository",
      "Repository": "CRAN",
      "Hash": "81c3244cab67468aac4c60550832655d"
    },
    "fs": {
      "Package": "fs",
      "Version": "1.5.0",
      "Source": "Repository",
      "Repository": "CRAN",
      "Hash": "44594a07a42e5f91fac9f93fda6d0109"
    },
    "future": {
      "Package": "future",
      "Version": "1.21.0",
      "Source": "Repository",
      "Repository": "CRAN",
      "Hash": "f25fad6bee82b7ab01f055e2d813b96f"
    },
    "gamm4": {
      "Package": "gamm4",
      "Version": "0.2-6",
      "Source": "Repository",
      "Repository": "CRAN",
      "Hash": "07fd04f71ff5fbf2a69c74e4ec128d65"
    },
    "gargle": {
      "Package": "gargle",
      "Version": "1.1.0",
      "Source": "Repository",
      "Repository": "CRAN",
      "Hash": "bc3bc77ea458de0a6efe94e8e7e9c641"
    },
    "generics": {
      "Package": "generics",
      "Version": "0.1.0",
      "Source": "Repository",
      "Repository": "CRAN",
      "Hash": "4d243a9c10b00589889fe32314ffd902"
    },
    "ggdist": {
      "Package": "ggdist",
      "Version": "2.3.0",
      "Source": "Repository",
      "Repository": "CRAN",
      "Hash": "ec837521d8312d3b239e25e9f6ddc289"
    },
    "ggplot2": {
      "Package": "ggplot2",
      "Version": "3.3.3",
      "Source": "Repository",
      "Repository": "CRAN",
      "Hash": "3eb6477d01eb5bbdc03f7d5f70f2733e"
    },
    "ggpomological": {
      "Package": "ggpomological",
      "Version": "0.1.2",
      "Source": "GitHub",
      "RemoteType": "github",
      "RemoteHost": "api.github.com",
      "RemoteRepo": "ggpomological",
      "RemoteUsername": "gadenbuie",
      "RemoteRef": "HEAD",
      "RemoteSha": "69f381504f1d68decce4718313d99c196e1e799f",
      "Hash": "21242adfc67f5b7a48ce02aa0ae9ad80"
    },
    "ggridges": {
      "Package": "ggridges",
      "Version": "0.5.2",
      "Source": "Repository",
      "Repository": "CRAN",
      "Hash": "b5c4e55a3856dff3c05595630a40edfc"
    },
    "globals": {
      "Package": "globals",
      "Version": "0.14.0",
      "Source": "Repository",
      "Repository": "CRAN",
      "Hash": "eca8023ed5ca6372479ebb9b3207f5ae"
    },
    "glue": {
      "Package": "glue",
      "Version": "1.4.2",
      "Source": "Repository",
      "Repository": "CRAN",
      "Hash": "6efd734b14c6471cfe443345f3e35e29"
    },
    "googledrive": {
      "Package": "googledrive",
      "Version": "1.0.1",
      "Source": "Repository",
      "Repository": "CRAN",
      "Hash": "79ba5d18133290a69b7c135dc3dfef1a"
    },
    "googlesheets4": {
      "Package": "googlesheets4",
      "Version": "0.3.0",
      "Source": "Repository",
      "Repository": "CRAN",
      "Hash": "fd028aa45f6785d7e83c0ed896b45904"
    },
    "gridExtra": {
      "Package": "gridExtra",
      "Version": "2.3",
      "Source": "Repository",
      "Repository": "CRAN",
      "Hash": "7d7f283939f563670a697165b2cf5560"
    },
    "gtable": {
      "Package": "gtable",
      "Version": "0.3.0",
      "Source": "Repository",
      "Repository": "CRAN",
      "Hash": "ac5c6baf7822ce8732b343f14c072c4d"
    },
    "gtools": {
      "Package": "gtools",
      "Version": "3.8.2",
      "Source": "Repository",
      "Repository": "CRAN",
      "Hash": "0a749b4458d19a54acae93c64e3e7c85"
    },
    "haven": {
      "Package": "haven",
      "Version": "2.4.1",
      "Source": "Repository",
      "Repository": "CRAN",
      "Hash": "9ace652bffef34af558eb5d70903ac2f"
    },
    "hdrcde": {
      "Package": "hdrcde",
      "Version": "3.3",
      "Source": "Repository",
      "Repository": "CRAN",
      "Hash": "57e1dc3fedc81061f07ae5aeedb1c921"
    },
    "highr": {
      "Package": "highr",
      "Version": "0.9",
      "Source": "Repository",
      "Repository": "CRAN",
      "Hash": "8eb36c8125038e648e5d111c0d7b2ed4"
    },
    "hms": {
      "Package": "hms",
      "Version": "1.0.0",
      "Source": "Repository",
      "Repository": "CRAN",
      "Hash": "bf552cdd96f5969873afdac7311c7d0d"
    },
    "htmltools": {
      "Package": "htmltools",
      "Version": "0.5.1.1",
      "Source": "Repository",
      "Repository": "CRAN",
      "Hash": "af2c2531e55df5cf230c4b5444fc973c"
    },
    "htmlwidgets": {
      "Package": "htmlwidgets",
      "Version": "1.5.3",
      "Source": "Repository",
      "Repository": "CRAN",
      "Hash": "6fdaa86d0700f8b3e92ee3c445a5a10d"
    },
    "httpuv": {
      "Package": "httpuv",
      "Version": "1.5.4",
      "Source": "Repository",
      "Repository": "CRAN",
      "Hash": "4e6dabb220b006ccdc3b3b5ff993b205"
    },
    "httr": {
      "Package": "httr",
      "Version": "1.4.2",
      "Source": "Repository",
      "Repository": "CRAN",
      "Hash": "a525aba14184fec243f9eaec62fbed43"
    },
    "ids": {
      "Package": "ids",
      "Version": "1.0.1",
      "Source": "Repository",
      "Repository": "CRAN",
      "Hash": "99df65cfef20e525ed38c3d2577f7190"
    },
    "igraph": {
      "Package": "igraph",
      "Version": "1.2.6",
      "Source": "Repository",
      "Repository": "CRAN",
      "Hash": "7b1f856410253d56ea67ad808f7cdff6"
    },
    "inline": {
      "Package": "inline",
      "Version": "0.3.17",
      "Source": "Repository",
      "Repository": "CRAN",
      "Hash": "c34d7560557eb0b2e1040fc690534049"
    },
    "isoband": {
      "Package": "isoband",
      "Version": "0.2.4",
      "Source": "Repository",
      "Repository": "CRAN",
      "Hash": "b2008df40fb297e3fef135c7e8eeec1a"
    },
    "jsonlite": {
      "Package": "jsonlite",
      "Version": "1.7.2",
      "Source": "Repository",
      "Repository": "CRAN",
      "Hash": "98138e0994d41508c7a6b84a0600cfcb"
    },
    "kernlab": {
      "Package": "kernlab",
      "Version": "0.9-29",
      "Source": "Repository",
      "Repository": "CRAN",
      "Hash": "46b2f61dadae64579e4cbe8af3c088d6"
    },
    "knitr": {
      "Package": "knitr",
      "Version": "1.33",
      "Source": "Repository",
      "Repository": "CRAN",
      "Hash": "0bc1b5da1b0eb07cd4b727e95e9ff0b8"
    },
    "ks": {
      "Package": "ks",
      "Version": "1.11.7",
      "Source": "Repository",
      "Repository": "CRAN",
      "Hash": "2054681e2411e7f6681fff0598907329"
    },
    "labeling": {
      "Package": "labeling",
      "Version": "0.4.2",
      "Source": "Repository",
      "Repository": "CRAN",
      "Hash": "3d5108641f47470611a32d0bdf357a72"
    },
    "later": {
      "Package": "later",
      "Version": "1.1.0.1",
      "Source": "Repository",
      "Repository": "CRAN",
      "Hash": "d0a62b247165aabf397fded504660d8a"
    },
    "lattice": {
      "Package": "lattice",
      "Version": "0.20-41",
      "Source": "Repository",
      "Repository": "CRAN",
      "Hash": "fbd9285028b0263d76d18c95ae51a53d"
    },
    "lazyeval": {
      "Package": "lazyeval",
      "Version": "0.2.2",
      "Source": "Repository",
      "Repository": "CRAN",
      "Hash": "d908914ae53b04d4c0c0fd72ecc35370"
    },
    "lifecycle": {
      "Package": "lifecycle",
      "Version": "1.0.0",
      "Source": "Repository",
      "Repository": "CRAN",
      "Hash": "3471fb65971f1a7b2d4ae7848cf2db8d"
    },
    "listenv": {
      "Package": "listenv",
      "Version": "0.8.0",
      "Source": "Repository",
      "Repository": "CRAN",
      "Hash": "0bde42ee282efb18c7c4e63822f5b4f7"
    },
    "lme4": {
      "Package": "lme4",
      "Version": "1.1-26",
      "Source": "Repository",
      "Repository": "CRAN",
      "Hash": "5f2466f5127e0ce67e44bb381387eeca"
    },
    "locfit": {
      "Package": "locfit",
      "Version": "1.5-9.4",
      "Source": "Repository",
      "Repository": "CRAN",
      "Hash": "760b5b542e8435237d1b3c253bfe18e7"
    },
    "loo": {
      "Package": "loo",
      "Version": "2.4.1",
      "Source": "Repository",
      "Repository": "CRAN",
      "Hash": "cb08bd08c899e7d68661714d699c42e4"
    },
    "lubridate": {
      "Package": "lubridate",
      "Version": "1.7.10",
      "Source": "Repository",
      "Repository": "CRAN",
      "Hash": "1ebfdc8a3cfe8fe19184f5481972b092"
    },
    "magick": {
      "Package": "magick",
      "Version": "2.5.2",
      "Source": "Repository",
      "Repository": "CRAN",
      "Hash": "857faefb4087451c588f37ee3f6f7312"
    },
    "magrittr": {
      "Package": "magrittr",
      "Version": "2.0.1",
      "Source": "Repository",
      "Repository": "CRAN",
      "Hash": "41287f1ac7d28a92f0a286ed507928d3"
    },
    "markdown": {
      "Package": "markdown",
      "Version": "1.1",
      "Source": "Repository",
      "Repository": "CRAN",
      "Hash": "61e4a10781dd00d7d81dd06ca9b94e95"
    },
    "matrixStats": {
      "Package": "matrixStats",
      "Version": "0.57.0",
      "Source": "Repository",
      "Repository": "CRAN",
      "Hash": "7249fc52d19eab5af7a02925ab534d9c"
    },
    "mclust": {
      "Package": "mclust",
      "Version": "5.4.7",
      "Source": "Repository",
      "Repository": "CRAN",
      "Hash": "94d378428bc227483a83ab1de21dce41"
    },
    "mgcv": {
      "Package": "mgcv",
      "Version": "1.8-33",
      "Source": "Repository",
      "Repository": "CRAN",
      "Hash": "eb7b6439bc6d812eed2cddba5edc6be3"
    },
    "mime": {
      "Package": "mime",
      "Version": "0.10",
      "Source": "Repository",
      "Repository": "CRAN",
      "Hash": "26fa77e707223e1ce042b2b5d09993dc"
    },
    "miniUI": {
      "Package": "miniUI",
      "Version": "0.1.1.1",
      "Source": "Repository",
      "Repository": "CRAN",
      "Hash": "fec5f52652d60615fdb3957b3d74324a"
    },
    "minqa": {
      "Package": "minqa",
      "Version": "1.2.4",
      "Source": "Repository",
      "Repository": "CRAN",
      "Hash": "eaee7d2a6f3ed4491df868611cb064cc"
    },
    "modelr": {
      "Package": "modelr",
      "Version": "0.1.8",
      "Source": "Repository",
      "Repository": "CRAN",
      "Hash": "9fd59716311ee82cba83dc2826fc5577"
    },
    "multicool": {
      "Package": "multicool",
      "Version": "0.1-11",
      "Source": "Repository",
      "Repository": "CRAN",
      "Hash": "910adbf965cd3be38078e1ceb66bdecd"
    },
    "munsell": {
      "Package": "munsell",
      "Version": "0.5.0",
      "Source": "Repository",
      "Repository": "CRAN",
      "Hash": "6dfe8bf774944bd5595785e3229d8771"
    },
    "mvtnorm": {
      "Package": "mvtnorm",
      "Version": "1.1-1",
      "Source": "Repository",
      "Repository": "CRAN",
      "Hash": "69fa7331e7410c2a2cb3f9868513904f"
    },
    "nleqslv": {
      "Package": "nleqslv",
      "Version": "3.3.2",
      "Source": "Repository",
      "Repository": "CRAN",
      "Hash": "bd00b0d9f6e1aa1462a89eb05d992b38"
    },
    "nlme": {
      "Package": "nlme",
      "Version": "3.1-151",
      "Source": "Repository",
      "Repository": "CRAN",
      "Hash": "42c8ba2b6a32a6bf0874e93e3bd86a43"
    },
    "nloptr": {
      "Package": "nloptr",
      "Version": "1.2.2.2",
      "Source": "Repository",
      "Repository": "CRAN",
      "Hash": "2737faeee353704efec5afa1e943dd64"
    },
    "numDeriv": {
      "Package": "numDeriv",
      "Version": "2016.8-1.1",
      "Source": "Repository",
      "Repository": "CRAN",
      "Hash": "df58958f293b166e4ab885ebcad90e02"
    },
    "openssl": {
      "Package": "openssl",
      "Version": "1.4.4",
      "Source": "Repository",
      "Repository": "CRAN",
      "Hash": "f4dbc5a47fd93d3415249884d31d6791"
    },
    "optimx": {
      "Package": "optimx",
      "Version": "2020-4.2",
      "Source": "Repository",
      "Repository": "CRAN",
      "Hash": "7e25ed8dc4f16eada2532a61107d0dc7"
    },
    "packrat": {
      "Package": "packrat",
      "Version": "0.5.0",
      "Source": "Repository",
      "Repository": "CRAN",
      "Hash": "2ebd34a38f4248281096cc723535b66d"
    },
    "parallelly": {
      "Package": "parallelly",
      "Version": "1.22.0",
      "Source": "Repository",
      "Repository": "CRAN",
      "Hash": "c8cd9aa518ef4b08bc10aa17b548c27c"
    },
    "pcaPP": {
      "Package": "pcaPP",
      "Version": "1.9-73",
      "Source": "Repository",
      "Repository": "CRAN",
      "Hash": "90f84270f5af583cefeb978d12d121a7"
    },
    "pillar": {
      "Package": "pillar",
      "Version": "1.6.0",
      "Source": "Repository",
      "Repository": "CRAN",
      "Hash": "a8c755912ae31910ba6a5d42f5526b6b"
    },
    "pkgbuild": {
      "Package": "pkgbuild",
      "Version": "1.2.0",
      "Source": "Repository",
      "Repository": "CRAN",
      "Hash": "725fcc30222d4d11ec68efb8ff11a9af"
    },
    "pkgconfig": {
      "Package": "pkgconfig",
      "Version": "2.0.3",
      "Source": "Repository",
      "Repository": "CRAN",
      "Hash": "01f28d4278f15c76cddbea05899c5d6f"
    },
    "plyr": {
      "Package": "plyr",
      "Version": "1.8.6",
      "Source": "Repository",
      "Repository": "CRAN",
      "Hash": "ec0e5ab4e5f851f6ef32cd1d1984957f"
    },
    "prettyunits": {
      "Package": "prettyunits",
      "Version": "1.1.1",
      "Source": "Repository",
      "Repository": "CRAN",
      "Hash": "95ef9167b75dde9d2ccc3c7528393e7e"
    },
    "processx": {
      "Package": "processx",
      "Version": "3.5.2",
      "Source": "Repository",
      "Repository": "CRAN",
      "Hash": "0cbca2bc4d16525d009c4dbba156b37c"
    },
    "progress": {
      "Package": "progress",
      "Version": "1.2.2",
      "Source": "Repository",
      "Repository": "CRAN",
      "Hash": "14dc9f7a3c91ebb14ec5bb9208a07061"
    },
    "projpred": {
      "Package": "projpred",
      "Version": "2.0.2",
      "Source": "Repository",
      "Repository": "CRAN",
      "Hash": "69ee4853dcc10a5966905c26c6e0fbab"
    },
    "promises": {
      "Package": "promises",
      "Version": "1.1.1",
      "Source": "Repository",
      "Repository": "CRAN",
      "Hash": "a8730dcbdd19f9047774909f0ec214a4"
    },
    "ps": {
      "Package": "ps",
      "Version": "1.6.0",
      "Source": "Repository",
      "Repository": "CRAN",
      "Hash": "32620e2001c1dce1af49c49dccbb9420"
    },
    "purrr": {
      "Package": "purrr",
      "Version": "0.3.4",
      "Source": "Repository",
      "Repository": "CRAN",
      "Hash": "97def703420c8ab10d8f0e6c72101e02"
    },
    "rainbow": {
      "Package": "rainbow",
      "Version": "3.6",
      "Source": "Repository",
      "Repository": "CRAN",
      "Hash": "aa9e6fe999d7c41f2b69c2bd3cf33f40"
    },
    "rappdirs": {
      "Package": "rappdirs",
      "Version": "0.3.3",
      "Source": "Repository",
      "Repository": "CRAN",
      "Hash": "5e3c5dc0b071b21fa128676560dbe94d"
    },
    "readr": {
      "Package": "readr",
      "Version": "1.4.0",
      "Source": "Repository",
      "Repository": "CRAN",
      "Hash": "2639976851f71f330264a9c9c3d43a61"
    },
    "readxl": {
      "Package": "readxl",
      "Version": "1.3.1",
      "Source": "Repository",
      "Repository": "CRAN",
      "Hash": "63537c483c2dbec8d9e3183b3735254a"
    },
    "rematch": {
      "Package": "rematch",
      "Version": "1.0.1",
      "Source": "Repository",
      "Repository": "CRAN",
      "Hash": "c66b930d20bb6d858cd18e1cebcfae5c"
    },
    "rematch2": {
      "Package": "rematch2",
      "Version": "2.1.2",
      "Source": "Repository",
      "Repository": "CRAN",
      "Hash": "76c9e04c712a05848ae7a23d2f170a40"
    },
    "renv": {
      "Package": "renv",
      "Version": "0.12.3",
      "Source": "Repository",
      "Repository": "CRAN",
      "Hash": "b5510c50c7f31d453c385c7b460af2b9"
    },
    "reprex": {
      "Package": "reprex",
      "Version": "2.0.0",
      "Source": "Repository",
      "Repository": "CRAN",
      "Hash": "8482bbeef0c194ac236aef7c51ee375f"
    },
    "reshape2": {
      "Package": "reshape2",
      "Version": "1.4.4",
      "Source": "Repository",
      "Repository": "CRAN",
      "Hash": "bb5996d0bd962d214a11140d77589917"
    },
    "rlang": {
      "Package": "rlang",
      "Version": "0.4.11",
      "Source": "Repository",
      "Repository": "CRAN",
      "Hash": "515f341d3affe0de9e4a7f762efb0456"
    },
    "rmarkdown": {
      "Package": "rmarkdown",
      "Version": "2.8",
      "Source": "Repository",
      "Repository": "CRAN",
      "Hash": "f518ba47713f92d0d603eec7c6888faf"
    },
    "rngtools": {
      "Package": "rngtools",
      "Version": "1.5",
      "Source": "Repository",
      "Repository": "CRAN",
      "Hash": "ee3ca1cacd13e35dbb71ac1999d98cbc"
    },
    "rprojroot": {
      "Package": "rprojroot",
      "Version": "2.0.2",
      "Source": "Repository",
      "Repository": "CRAN",
      "Hash": "249d8cd1e74a8f6a26194a91b47f21d1"
    },
    "rsconnect": {
      "Package": "rsconnect",
      "Version": "0.8.16",
      "Source": "Repository",
      "Repository": "CRAN",
      "Hash": "3924a1c20ce2479e89a08b0ca4c936c6"
    },
    "rstan": {
      "Package": "rstan",
      "Version": "2.21.2",
      "Source": "GitHub",
      "RemoteType": "github",
      "RemoteHost": "api.github.com",
      "RemoteRepo": "rstan",
      "RemoteUsername": "stan-dev",
      "RemoteRef": "develop",
      "RemoteSha": "5a97a4674779d743b42c22a97b694697273180c8",
      "RemoteSubdir": "rstan/rstan",
      "Hash": "ebd6d79208dd369563bdc16b9d52b269"
    },
    "rstantools": {
      "Package": "rstantools",
      "Version": "2.1.1",
      "Source": "Repository",
      "Repository": "CRAN",
      "Hash": "c91e0f20c967e246cb6f2efe8c60e15b"
    },
    "rstudioapi": {
      "Package": "rstudioapi",
      "Version": "0.13",
      "Source": "Repository",
      "Repository": "CRAN",
      "Hash": "06c85365a03fdaf699966cc1d3cf53ea"
    },
    "rvest": {
      "Package": "rvest",
      "Version": "1.0.0",
      "Source": "Repository",
      "Repository": "CRAN",
      "Hash": "74b905b0076e1de6e27f540c95ba68d5"
    },
    "scales": {
      "Package": "scales",
      "Version": "1.1.1",
      "Source": "Repository",
      "Repository": "CRAN",
      "Hash": "6f76f71042411426ec8df6c54f34e6dd"
    },
    "selectr": {
      "Package": "selectr",
      "Version": "0.4-2",
      "Source": "Repository",
      "Repository": "CRAN",
      "Hash": "3838071b66e0c566d55cc26bd6e27bf4"
    },
    "shiny": {
      "Package": "shiny",
      "Version": "1.5.0",
      "Source": "Repository",
      "Repository": "CRAN",
      "Hash": "ee4ed72d7a5047d9e73cf922ad66e9c9"
    },
    "shinyjs": {
      "Package": "shinyjs",
      "Version": "2.0.0",
      "Source": "Repository",
      "Repository": "CRAN",
      "Hash": "9ddfc91d4280eaa34c2103951538976f"
    },
    "shinystan": {
      "Package": "shinystan",
      "Version": "2.5.0",
      "Source": "Repository",
      "Repository": "CRAN",
      "Hash": "85e1a9e77cdd1b8740e92b37f8fdce7b"
    },
    "shinythemes": {
      "Package": "shinythemes",
      "Version": "1.1.2",
      "Source": "Repository",
      "Repository": "CRAN",
      "Hash": "8f047210d7d68ea4860a3c0d8cced272"
    },
    "sourcetools": {
      "Package": "sourcetools",
      "Version": "0.1.7",
      "Source": "Repository",
      "Repository": "CRAN",
      "Hash": "947e4e02a79effa5d512473e10f41797"
    },
    "statmod": {
      "Package": "statmod",
      "Version": "1.4.35",
      "Source": "Repository",
      "Repository": "CRAN",
      "Hash": "53c27113461e8abbe2dc7125e22b2a39"
    },
    "stringi": {
      "Package": "stringi",
      "Version": "1.6.1",
      "Source": "Repository",
      "Repository": "CRAN",
      "Hash": "3b9a9c9454b864b08713715396689b9e"
    },
    "stringr": {
      "Package": "stringr",
      "Version": "1.4.0",
      "Source": "Repository",
      "Repository": "CRAN",
      "Hash": "0759e6b6c0957edb1311028a49a35e76"
    },
    "svUnit": {
      "Package": "svUnit",
      "Version": "1.0.3",
      "Source": "Repository",
      "Repository": "CRAN",
      "Hash": "2edc6be3716db6d37cc61038a524f8d6"
    },
    "sys": {
      "Package": "sys",
      "Version": "3.4",
      "Source": "Repository",
      "Repository": "CRAN",
      "Hash": "b227d13e29222b4574486cfcbde077fa"
    },
    "threejs": {
      "Package": "threejs",
      "Version": "0.3.3",
      "Source": "Repository",
      "Repository": "CRAN",
      "Hash": "2ad32c3a8745e827977f394bc387e3b0"
    },
    "tibble": {
      "Package": "tibble",
      "Version": "3.1.1",
      "Source": "Repository",
      "Repository": "CRAN",
      "Hash": "fbbca141541ee9242233ba50b0fcb843"
    },
    "tidybayes": {
      "Package": "tidybayes",
      "Version": "2.3.1",
      "Source": "Repository",
      "Repository": "CRAN",
      "Hash": "2ef1725f3ec9954e522f9b633dcd3c69"
    },
    "tidyr": {
      "Package": "tidyr",
      "Version": "1.1.3",
      "Source": "Repository",
      "Repository": "CRAN",
      "Hash": "450d7dfaedde58e28586b854eeece4fa"
    },
    "tidyselect": {
      "Package": "tidyselect",
      "Version": "1.1.1",
      "Source": "Repository",
      "Repository": "CRAN",
      "Hash": "7243004a708d06d4716717fa1ff5b2fe"
    },
    "tidyverse": {
      "Package": "tidyverse",
      "Version": "1.3.1",
      "Source": "Repository",
      "Repository": "CRAN",
      "Hash": "fc4c72b6ae9bb283416bd59a3303bbab"
    },
    "tinytex": {
      "Package": "tinytex",
      "Version": "0.31",
      "Source": "Repository",
      "Repository": "CRAN",
      "Hash": "25b572f764f3c19fef9aac33b5724f3d"
    },
    "utf8": {
      "Package": "utf8",
      "Version": "1.2.1",
      "Source": "Repository",
      "Repository": "CRAN",
      "Hash": "c3ad47dc6da0751f18ed53c4613e3ac7"
    },
    "uuid": {
      "Package": "uuid",
      "Version": "0.1-4",
      "Source": "Repository",
      "Repository": "CRAN",
      "Hash": "e4169eb989a5d03ccb6b628cad1b1b50"
    },
    "vctrs": {
      "Package": "vctrs",
      "Version": "0.3.8",
      "Source": "Repository",
      "Repository": "CRAN",
      "Hash": "ecf749a1b39ea72bd9b51b76292261f1"
    },
    "viridisLite": {
      "Package": "viridisLite",
      "Version": "0.4.0",
      "Source": "Repository",
      "Repository": "CRAN",
      "Hash": "55e157e2aa88161bdb0754218470d204"
    },
    "withr": {
      "Package": "withr",
      "Version": "2.4.2",
      "Source": "Repository",
      "Repository": "CRAN",
      "Hash": "ad03909b44677f930fa156d47d7a3aeb"
    },
    "xfun": {
      "Package": "xfun",
      "Version": "0.22",
      "Source": "Repository",
      "Repository": "CRAN",
      "Hash": "eab2f8ba53809c321813e72ecbbd19ba"
    },
    "xml2": {
      "Package": "xml2",
      "Version": "1.3.2",
      "Source": "Repository",
      "Repository": "CRAN",
      "Hash": "d4d71a75dd3ea9eb5fa28cc21f9585e2"
    },
    "xtable": {
      "Package": "xtable",
      "Version": "1.8-4",
      "Source": "Repository",
      "Repository": "CRAN",
      "Hash": "b8acdf8af494d9ec19ccb2481a9b11c2"
    },
    "xts": {
      "Package": "xts",
      "Version": "0.12.1",
      "Source": "Repository",
      "Repository": "CRAN",
      "Hash": "ca2fd4ad8ef78cca3aa2b30f992798a8"
    },
    "yaml": {
      "Package": "yaml",
      "Version": "2.2.1",
      "Source": "Repository",
      "Repository": "CRAN",
      "Hash": "2826c5d9efb0a88f657c7a679c7106db"
    },
    "zoo": {
      "Package": "zoo",
      "Version": "1.8-8",
      "Source": "Repository",
      "Repository": "CRAN",
      "Hash": "c2ea03282caa1f6972dc84fc5bf671cc"
    }
  }
}
